
Microsoft Visual Studio Solution File, Format Version 12.00
# Visual Studio Version 16
VisualStudioVersion = 16.0.31829.152
MinimumVisualStudioVersion = 10.0.40219.1
Project("{9A19103F-16F7-4668-BE54-9A1E7A4F7556}") = "Lab5", "Lab5\Lab5.csproj", "{062186C2-C820-4B4F-9E77-1003B9E2AB78}"
EndProject
Global
	GlobalSection(SolutionConfigurationPlatforms) = preSolution
		Debug|Any CPU = Debug|Any CPU
		Release|Any CPU = Release|Any CPU
	EndGlobalSection
	GlobalSection(ProjectConfigurationPlatforms) = postSolution
		{062186C2-C820-4B4F-9E77-1003B9E2AB78}.Debug|Any CPU.ActiveCfg = Debug|Any CPU
		{062186C2-C820-4B4F-9E77-1003B9E2AB78}.Debug|Any CPU.Build.0 = Debug|Any CPU
		{062186C2-C820-4B4F-9E77-1003B9E2AB78}.Release|Any CPU.ActiveCfg = Release|Any CPU
		{062186C2-C820-4B4F-9E77-1003B9E2AB78}.Release|Any CPU.Build.0 = Release|Any CPU
	EndGlobalSection
	GlobalSection(SolutionProperties) = preSolution
		HideSolutionNode = FALSE
	EndGlobalSection
	GlobalSection(ExtensibilityGlobals) = postSolution
		SolutionGuid = {DCD2C503-CD2D-41AD-B8DA-B34D7DA6BA0A}
	EndGlobalSection
EndGlobal
